{
  "name": "picogw-plugin-echonet",
  "version": "0.0.1",
  "lockfileVersion": 1,
  "requires": true,
  "dependencies": {
    "echonet-lite": {
      "version": "0.0.20",
      "resolved": "https://registry.npmjs.org/echonet-lite/-/echonet-lite-0.0.20.tgz",
      "integrity": "sha1-2xiytsmVKdcz4HySL6Y2y+INv2M="
    }
  }
}
